
Microsoft Visual Studio Solution File, Format Version 12.00
# Visual Studio Version 17
VisualStudioVersion = 17.9.34622.214
MinimumVisualStudioVersion = 10.0.40219.1
Project("{FAE04EC0-301F-11D3-BF4B-00C04F79EFBC}") = "BookstoreApp", "BookstoreApp.csproj", "{732F9D35-3F4B-48E2-BBF9-721BB722C586}"
EndProject
Project("{FAE04EC0-301F-11D3-BF4B-00C04F79EFBC}") = "BookstoreEFConsoleApp", "..\BookstoreEFConsoleApp\BookstoreEFConsoleApp.csproj", "{A68846AA-DE2F-4765-9D26-953228562E47}"
EndProject
Global
	GlobalSection(SolutionConfigurationPlatforms) = preSolution
		Debug|Any CPU = Debug|Any CPU
		Release|Any CPU = Release|Any CPU
	EndGlobalSection
	GlobalSection(ProjectConfigurationPlatforms) = postSolution
		{732F9D35-3F4B-48E2-BBF9-721BB722C586}.Debug|Any CPU.ActiveCfg = Debug|Any CPU
		{732F9D35-3F4B-48E2-BBF9-721BB722C586}.Debug|Any CPU.Build.0 = Debug|Any CPU
		{732F9D35-3F4B-48E2-BBF9-721BB722C586}.Debug|Any CPU.Deploy.0 = Debug|Any CPU
		{732F9D35-3F4B-48E2-BBF9-721BB722C586}.Release|Any CPU.ActiveCfg = Release|Any CPU
		{732F9D35-3F4B-48E2-BBF9-721BB722C586}.Release|Any CPU.Build.0 = Release|Any CPU
		{732F9D35-3F4B-48E2-BBF9-721BB722C586}.Release|Any CPU.Deploy.0 = Release|Any CPU
		{A68846AA-DE2F-4765-9D26-953228562E47}.Debug|Any CPU.ActiveCfg = Debug|Any CPU
		{A68846AA-DE2F-4765-9D26-953228562E47}.Debug|Any CPU.Build.0 = Debug|Any CPU
		{A68846AA-DE2F-4765-9D26-953228562E47}.Release|Any CPU.ActiveCfg = Release|Any CPU
		{A68846AA-DE2F-4765-9D26-953228562E47}.Release|Any CPU.Build.0 = Release|Any CPU
	EndGlobalSection
	GlobalSection(SolutionProperties) = preSolution
		HideSolutionNode = FALSE
	EndGlobalSection
	GlobalSection(ExtensibilityGlobals) = postSolution
		SolutionGuid = {ECD297A8-C734-4791-8697-D8C50DD98E16}
	EndGlobalSection
EndGlobal
