
Microsoft Visual Studio Solution File, Format Version 12.00
# Visual Studio Version 17
VisualStudioVersion = 17.9.34622.214
MinimumVisualStudioVersion = 10.0.40219.1
Project("{9A19103F-16F7-4668-BE54-9A1E7A4F7556}") = "BookstoreApp", "BookstoreApp.csproj", "{732F9D35-3F4B-48E2-BBF9-721BB722C586}"
EndProject
Project("{9A19103F-16F7-4668-BE54-9A1E7A4F7556}") = "BookstoreWebAPI", "..\BookstoreWebAPI\BookstoreWebAPI.csproj", "{D5E990E7-E633-4261-BCFB-B11AB1B30F34}"
EndProject
Project("{FAE04EC0-301F-11D3-BF4B-00C04F79EFBC}") = "BookstoreClassLibrary", "..\BookstoreClassLibrary\BookstoreClassLibrary.csproj", "{4C53AEB0-1FA6-4435-9DAB-200D81D9FFCA}"
EndProject
Global
	GlobalSection(SolutionConfigurationPlatforms) = preSolution
		Debug|Any CPU = Debug|Any CPU
		Release|Any CPU = Release|Any CPU
	EndGlobalSection
	GlobalSection(ProjectConfigurationPlatforms) = postSolution
		{732F9D35-3F4B-48E2-BBF9-721BB722C586}.Debug|Any CPU.ActiveCfg = Debug|Any CPU
		{732F9D35-3F4B-48E2-BBF9-721BB722C586}.Debug|Any CPU.Build.0 = Debug|Any CPU
		{732F9D35-3F4B-48E2-BBF9-721BB722C586}.Debug|Any CPU.Deploy.0 = Debug|Any CPU
		{732F9D35-3F4B-48E2-BBF9-721BB722C586}.Release|Any CPU.ActiveCfg = Release|Any CPU
		{732F9D35-3F4B-48E2-BBF9-721BB722C586}.Release|Any CPU.Build.0 = Release|Any CPU
		{732F9D35-3F4B-48E2-BBF9-721BB722C586}.Release|Any CPU.Deploy.0 = Release|Any CPU
		{D5E990E7-E633-4261-BCFB-B11AB1B30F34}.Debug|Any CPU.ActiveCfg = Debug|Any CPU
		{D5E990E7-E633-4261-BCFB-B11AB1B30F34}.Debug|Any CPU.Build.0 = Debug|Any CPU
		{D5E990E7-E633-4261-BCFB-B11AB1B30F34}.Release|Any CPU.ActiveCfg = Release|Any CPU
		{D5E990E7-E633-4261-BCFB-B11AB1B30F34}.Release|Any CPU.Build.0 = Release|Any CPU
		{4C53AEB0-1FA6-4435-9DAB-200D81D9FFCA}.Debug|Any CPU.ActiveCfg = Debug|Any CPU
		{4C53AEB0-1FA6-4435-9DAB-200D81D9FFCA}.Debug|Any CPU.Build.0 = Debug|Any CPU
		{4C53AEB0-1FA6-4435-9DAB-200D81D9FFCA}.Release|Any CPU.ActiveCfg = Release|Any CPU
		{4C53AEB0-1FA6-4435-9DAB-200D81D9FFCA}.Release|Any CPU.Build.0 = Release|Any CPU
	EndGlobalSection
	GlobalSection(SolutionProperties) = preSolution
		HideSolutionNode = FALSE
	EndGlobalSection
	GlobalSection(ExtensibilityGlobals) = postSolution
		SolutionGuid = {ECD297A8-C734-4791-8697-D8C50DD98E16}
	EndGlobalSection
EndGlobal
